<?xml version="1.0" encoding="UTF-8"?>
<CodeBlocks_project_file>
	<FileVersion major="1" minor="6"/>
	<Project>
		<Option title="ChainBase"/>
		<Option makefile_is_custom="1"/>
		<Option compiler="gcc"/>
		<Option virtualFolders="CMake Files\;CMake Files\libraries\;CMake Files\libraries\chainbase\;CMake Files\libraries\chainbase\test\;CMake Files\libraries\fc\;CMake Files\libraries\fc\CMakeModules\;CMake Files\libraries\fc\GitVersionGen\;CMake Files\libraries\fc\vendor\;CMake Files\libraries\fc\vendor\secp256k1-zkp\;CMake Files\libraries\fc\vendor\secp256k1-zkp\tmp\;CMake Files\libraries\fc\vendor\websocketpp\;CMake Files\libraries\fc\vendor\websocketpp\cmake\;CMake Files\libraries\fc\vendor\websocketpp\websocketpp\;CMake Files\libraries\fc\vendor\equihash\;CMake Files\libraries\fc\src\;CMake Files\libraries\fc\tests\;CMake Files\libraries\schema\;CMake Files\libraries\chain\;CMake Files\libraries\protocol\;CMake Files\libraries\net\;CMake Files\libraries\utilities\;CMake Files\libraries\app\;CMake Files\libraries\plugins\;CMake Files\libraries\plugins\account_by_key\;CMake Files\libraries\plugins\account_history\;CMake Files\libraries\plugins\account_statistics\;CMake Files\libraries\plugins\auth_util\;CMake Files\libraries\plugins\block_info\;CMake Files\libraries\plugins\blockchain_statistics\;CMake Files\libraries\plugins\debug_node\;CMake Files\libraries\plugins\delayed_node\;CMake Files\libraries\plugins\follow\;CMake Files\libraries\plugins\market_history\;CMake Files\libraries\plugins\private_message\;CMake Files\libraries\plugins\raw_block\;CMake Files\libraries\plugins\tags\;CMake Files\libraries\plugins\witness\;CMake Files\libraries\wallet\;CMake Files\libraries\manifest\;CMake Files\libraries\manifest\gensrc\;CMake Files\libraries\manifest\gensrc\plugins\;CMake Files\.git\;CMake Files\.git\refs\;CMake Files\.git\refs\heads\;CMake Files\.git\modules\;CMake Files\.git\modules\libraries\;CMake Files\.git\modules\libraries\fc\;CMake Files\external_plugins\;CMake Files\programs\;CMake Files\programs\build_helpers\;CMake Files\programs\cli_wallet\;CMake Files\programs\steemd\;CMake Files\programs\js_operation_serializer\;CMake Files\programs\size_checker\;CMake Files\programs\util\;CMake Files\tests\;"/>
		<Build>
			<Target title="all">
				<Option working_dir="/home/bkb/hack/ucen/libraries/chainbase"/>
				<Option type="4"/>
				<MakeCommands>
					<Build command="/usr/bin/make -f &quot;/home/bkb/hack/ucen/libraries/chainbase/Makefile&quot;  VERBOSE=1 all"/>
					<CompileFile command="/usr/bin/make -f &quot;/home/bkb/hack/ucen/libraries/chainbase/Makefile&quot;  VERBOSE=1 &quot;$file&quot;"/>
					<Clean command="/usr/bin/make -f &quot;/home/bkb/hack/ucen/libraries/chainbase/Makefile&quot;  VERBOSE=1 clean"/>
					<DistClean command="/usr/bin/make -f &quot;/home/bkb/hack/ucen/libraries/chainbase/Makefile&quot;  VERBOSE=1 clean"/>
				</MakeCommands>
			</Target>
			<Target title="chainbase">
				<Option output="/home/bkb/hack/ucen/libraries/chainbase/libchainbase.a" prefix_auto="0" extension_auto="0"/>
				<Option working_dir="/home/bkb/hack/ucen/libraries/chainbase"/>
				<Option object_output="./"/>
				<Option type="2"/>
				<Option compiler="gcc"/>
				<Compiler>
					<Add directory="/home/bkb/hack/ucen/libraries/chainbase/include"/>
				</Compiler>
				<MakeCommands>
					<Build command="/usr/bin/make -f &quot;/home/bkb/hack/ucen/libraries/chainbase/Makefile&quot;  VERBOSE=1 chainbase"/>
					<CompileFile command="/usr/bin/make -f &quot;/home/bkb/hack/ucen/libraries/chainbase/Makefile&quot;  VERBOSE=1 &quot;$file&quot;"/>
					<Clean command="/usr/bin/make -f &quot;/home/bkb/hack/ucen/libraries/chainbase/Makefile&quot;  VERBOSE=1 clean"/>
					<DistClean command="/usr/bin/make -f &quot;/home/bkb/hack/ucen/libraries/chainbase/Makefile&quot;  VERBOSE=1 clean"/>
				</MakeCommands>
			</Target>
			<Target title="chainbase/fast">
				<Option output="/home/bkb/hack/ucen/libraries/chainbase/libchainbase.a" prefix_auto="0" extension_auto="0"/>
				<Option working_dir="/home/bkb/hack/ucen/libraries/chainbase"/>
				<Option object_output="./"/>
				<Option type="2"/>
				<Option compiler="gcc"/>
				<Compiler>
					<Add directory="/home/bkb/hack/ucen/libraries/chainbase/include"/>
				</Compiler>
				<MakeCommands>
					<Build command="/usr/bin/make -f &quot;/home/bkb/hack/ucen/libraries/chainbase/Makefile&quot;  VERBOSE=1 chainbase/fast"/>
					<CompileFile command="/usr/bin/make -f &quot;/home/bkb/hack/ucen/libraries/chainbase/Makefile&quot;  VERBOSE=1 &quot;$file&quot;"/>
					<Clean command="/usr/bin/make -f &quot;/home/bkb/hack/ucen/libraries/chainbase/Makefile&quot;  VERBOSE=1 clean"/>
					<DistClean command="/usr/bin/make -f &quot;/home/bkb/hack/ucen/libraries/chainbase/Makefile&quot;  VERBOSE=1 clean"/>
				</MakeCommands>
			</Target>
			<Target title="chainbase_test">
				<Option output="/home/bkb/hack/ucen/libraries/chainbase/test/chainbase_test" prefix_auto="0" extension_auto="0"/>
				<Option working_dir="/home/bkb/hack/ucen/libraries/chainbase/test"/>
				<Option object_output="./"/>
				<Option type="1"/>
				<Option compiler="gcc"/>
				<Compiler>
					<Add directory="/home/bkb/hack/ucen/libraries/chainbase/include"/>
				</Compiler>
				<MakeCommands>
					<Build command="/usr/bin/make -f &quot;/home/bkb/hack/ucen/libraries/chainbase/test/Makefile&quot;  VERBOSE=1 chainbase_test"/>
					<CompileFile command="/usr/bin/make -f &quot;/home/bkb/hack/ucen/libraries/chainbase/test/Makefile&quot;  VERBOSE=1 &quot;$file&quot;"/>
					<Clean command="/usr/bin/make -f &quot;/home/bkb/hack/ucen/libraries/chainbase/test/Makefile&quot;  VERBOSE=1 clean"/>
					<DistClean command="/usr/bin/make -f &quot;/home/bkb/hack/ucen/libraries/chainbase/test/Makefile&quot;  VERBOSE=1 clean"/>
				</MakeCommands>
			</Target>
			<Target title="chainbase_test/fast">
				<Option output="/home/bkb/hack/ucen/libraries/chainbase/test/chainbase_test" prefix_auto="0" extension_auto="0"/>
				<Option working_dir="/home/bkb/hack/ucen/libraries/chainbase/test"/>
				<Option object_output="./"/>
				<Option type="1"/>
				<Option compiler="gcc"/>
				<Compiler>
					<Add directory="/home/bkb/hack/ucen/libraries/chainbase/include"/>
				</Compiler>
				<MakeCommands>
					<Build command="/usr/bin/make -f &quot;/home/bkb/hack/ucen/libraries/chainbase/test/Makefile&quot;  VERBOSE=1 chainbase_test/fast"/>
					<CompileFile command="/usr/bin/make -f &quot;/home/bkb/hack/ucen/libraries/chainbase/test/Makefile&quot;  VERBOSE=1 &quot;$file&quot;"/>
					<Clean command="/usr/bin/make -f &quot;/home/bkb/hack/ucen/libraries/chainbase/test/Makefile&quot;  VERBOSE=1 clean"/>
					<DistClean command="/usr/bin/make -f &quot;/home/bkb/hack/ucen/libraries/chainbase/test/Makefile&quot;  VERBOSE=1 clean"/>
				</MakeCommands>
			</Target>
		</Build>
		<Unit filename="/home/bkb/hack/ucen/libraries/chainbase/src/chainbase.cpp">
			<Option target="chainbase"/>
		</Unit>
		<Unit filename="/home/bkb/hack/ucen/libraries/chainbase/test/test.cpp">
			<Option target="chainbase_test"/>
		</Unit>
		<Unit filename="/home/bkb/hack/ucen/CMakeLists.txt">
			<Option virtualFolder="CMake Files\"/>
		</Unit>
		<Unit filename="/home/bkb/hack/ucen/libraries/CMakeLists.txt">
			<Option virtualFolder="CMake Files\libraries\"/>
		</Unit>
		<Unit filename="/home/bkb/hack/ucen/libraries/chainbase/CMakeLists.txt">
			<Option virtualFolder="CMake Files\libraries\chainbase\"/>
		</Unit>
		<Unit filename="/home/bkb/hack/ucen/libraries/chainbase/test/CMakeLists.txt">
			<Option virtualFolder="CMake Files\libraries\chainbase\test\"/>
		</Unit>
		<Unit filename="/home/bkb/hack/ucen/libraries/fc/CMakeLists.txt">
			<Option virtualFolder="CMake Files\libraries\fc\"/>
		</Unit>
		<Unit filename="/home/bkb/hack/ucen/libraries/fc/CMakeModules/ArgumentParser.cmake">
			<Option virtualFolder="CMake Files\libraries\fc\CMakeModules\"/>
		</Unit>
		<Unit filename="/home/bkb/hack/ucen/libraries/fc/CMakeModules/FindBoost.cmake">
			<Option virtualFolder="CMake Files\libraries\fc\CMakeModules\"/>
		</Unit>
		<Unit filename="/home/bkb/hack/ucen/libraries/fc/CMakeModules/FindReadline.cmake">
			<Option virtualFolder="CMake Files\libraries\fc\CMakeModules\"/>
		</Unit>
		<Unit filename="/home/bkb/hack/ucen/libraries/fc/CMakeModules/SetupTargetMacros.cmake">
			<Option virtualFolder="CMake Files\libraries\fc\CMakeModules\"/>
		</Unit>
		<Unit filename="/home/bkb/hack/ucen/libraries/fc/CMakeModules/VersionMacros.cmake">
			<Option virtualFolder="CMake Files\libraries\fc\CMakeModules\"/>
		</Unit>
		<Unit filename="/home/bkb/hack/ucen/libraries/fc/GitVersionGen/GetGitRevisionDescription.cmake">
			<Option virtualFolder="CMake Files\libraries\fc\GitVersionGen\"/>
		</Unit>
		<Unit filename="/home/bkb/hack/ucen/libraries/fc/GitVersionGen/GetGitRevisionDescription.cmake.in">
			<Option virtualFolder="CMake Files\libraries\fc\GitVersionGen\"/>
		</Unit>
		<Unit filename="/home/bkb/hack/ucen/libraries/fc/vendor/secp256k1-zkp/tmp/project_secp256k1-cfgcmd.txt.in">
			<Option virtualFolder="CMake Files\libraries\fc\vendor\secp256k1-zkp\tmp\"/>
		</Unit>
		<Unit filename="/home/bkb/hack/ucen/libraries/fc/vendor/websocketpp/CMakeLists.txt">
			<Option virtualFolder="CMake Files\libraries\fc\vendor\websocketpp\"/>
		</Unit>
		<Unit filename="/home/bkb/hack/ucen/libraries/fc/vendor/websocketpp/websocketpp-config.cmake.in">
			<Option virtualFolder="CMake Files\libraries\fc\vendor\websocketpp\"/>
		</Unit>
		<Unit filename="/home/bkb/hack/ucen/libraries/fc/vendor/websocketpp/websocketpp-configVersion.cmake.in">
			<Option virtualFolder="CMake Files\libraries\fc\vendor\websocketpp\"/>
		</Unit>
		<Unit filename="/home/bkb/hack/ucen/libraries/fc/vendor/websocketpp/cmake/CMakeHelpers.cmake">
			<Option virtualFolder="CMake Files\libraries\fc\vendor\websocketpp\cmake\"/>
		</Unit>
		<Unit filename="/home/bkb/hack/ucen/libraries/fc/vendor/websocketpp/websocketpp/CMakeLists.txt">
			<Option virtualFolder="CMake Files\libraries\fc\vendor\websocketpp\websocketpp\"/>
		</Unit>
		<Unit filename="/home/bkb/hack/ucen/libraries/fc/vendor/equihash/CMakeLists.txt">
			<Option virtualFolder="CMake Files\libraries\fc\vendor\equihash\"/>
		</Unit>
		<Unit filename="/home/bkb/hack/ucen/libraries/fc/src/git_revision.cpp.in">
			<Option virtualFolder="CMake Files\libraries\fc\src\"/>
		</Unit>
		<Unit filename="/home/bkb/hack/ucen/libraries/fc/tests/CMakeLists.txt">
			<Option virtualFolder="CMake Files\libraries\fc\tests\"/>
		</Unit>
		<Unit filename="/home/bkb/hack/ucen/libraries/schema/CMakeLists.txt">
			<Option virtualFolder="CMake Files\libraries\schema\"/>
		</Unit>
		<Unit filename="/home/bkb/hack/ucen/libraries/chain/CMakeLists.txt">
			<Option virtualFolder="CMake Files\libraries\chain\"/>
		</Unit>
		<Unit filename="/home/bkb/hack/ucen/libraries/protocol/CMakeLists.txt">
			<Option virtualFolder="CMake Files\libraries\protocol\"/>
		</Unit>
		<Unit filename="/home/bkb/hack/ucen/libraries/net/CMakeLists.txt">
			<Option virtualFolder="CMake Files\libraries\net\"/>
		</Unit>
		<Unit filename="/home/bkb/hack/ucen/libraries/utilities/CMakeLists.txt">
			<Option virtualFolder="CMake Files\libraries\utilities\"/>
		</Unit>
		<Unit filename="/home/bkb/hack/ucen/libraries/utilities/git_revision.cpp.in">
			<Option virtualFolder="CMake Files\libraries\utilities\"/>
		</Unit>
		<Unit filename="/home/bkb/hack/ucen/libraries/app/CMakeLists.txt">
			<Option virtualFolder="CMake Files\libraries\app\"/>
		</Unit>
		<Unit filename="/home/bkb/hack/ucen/libraries/plugins/CMakeLists.txt">
			<Option virtualFolder="CMake Files\libraries\plugins\"/>
		</Unit>
		<Unit filename="/home/bkb/hack/ucen/libraries/plugins/account_by_key/CMakeLists.txt">
			<Option virtualFolder="CMake Files\libraries\plugins\account_by_key\"/>
		</Unit>
		<Unit filename="/home/bkb/hack/ucen/libraries/plugins/account_history/CMakeLists.txt">
			<Option virtualFolder="CMake Files\libraries\plugins\account_history\"/>
		</Unit>
		<Unit filename="/home/bkb/hack/ucen/libraries/plugins/account_statistics/CMakeLists.txt">
			<Option virtualFolder="CMake Files\libraries\plugins\account_statistics\"/>
		</Unit>
		<Unit filename="/home/bkb/hack/ucen/libraries/plugins/auth_util/CMakeLists.txt">
			<Option virtualFolder="CMake Files\libraries\plugins\auth_util\"/>
		</Unit>
		<Unit filename="/home/bkb/hack/ucen/libraries/plugins/block_info/CMakeLists.txt">
			<Option virtualFolder="CMake Files\libraries\plugins\block_info\"/>
		</Unit>
		<Unit filename="/home/bkb/hack/ucen/libraries/plugins/blockchain_statistics/CMakeLists.txt">
			<Option virtualFolder="CMake Files\libraries\plugins\blockchain_statistics\"/>
		</Unit>
		<Unit filename="/home/bkb/hack/ucen/libraries/plugins/debug_node/CMakeLists.txt">
			<Option virtualFolder="CMake Files\libraries\plugins\debug_node\"/>
		</Unit>
		<Unit filename="/home/bkb/hack/ucen/libraries/plugins/delayed_node/CMakeLists.txt">
			<Option virtualFolder="CMake Files\libraries\plugins\delayed_node\"/>
		</Unit>
		<Unit filename="/home/bkb/hack/ucen/libraries/plugins/follow/CMakeLists.txt">
			<Option virtualFolder="CMake Files\libraries\plugins\follow\"/>
		</Unit>
		<Unit filename="/home/bkb/hack/ucen/libraries/plugins/market_history/CMakeLists.txt">
			<Option virtualFolder="CMake Files\libraries\plugins\market_history\"/>
		</Unit>
		<Unit filename="/home/bkb/hack/ucen/libraries/plugins/private_message/CMakeLists.txt">
			<Option virtualFolder="CMake Files\libraries\plugins\private_message\"/>
		</Unit>
		<Unit filename="/home/bkb/hack/ucen/libraries/plugins/raw_block/CMakeLists.txt">
			<Option virtualFolder="CMake Files\libraries\plugins\raw_block\"/>
		</Unit>
		<Unit filename="/home/bkb/hack/ucen/libraries/plugins/tags/CMakeLists.txt">
			<Option virtualFolder="CMake Files\libraries\plugins\tags\"/>
		</Unit>
		<Unit filename="/home/bkb/hack/ucen/libraries/plugins/witness/CMakeLists.txt">
			<Option virtualFolder="CMake Files\libraries\plugins\witness\"/>
		</Unit>
		<Unit filename="/home/bkb/hack/ucen/libraries/wallet/CMakeLists.txt">
			<Option virtualFolder="CMake Files\libraries\wallet\"/>
		</Unit>
		<Unit filename="/home/bkb/hack/ucen/libraries/wallet/Doxyfile.in">
			<Option virtualFolder="CMake Files\libraries\wallet\"/>
		</Unit>
		<Unit filename="/home/bkb/hack/ucen/libraries/manifest/CMakeLists.txt">
			<Option virtualFolder="CMake Files\libraries\manifest\"/>
		</Unit>
		<Unit filename="/home/bkb/hack/ucen/libraries/manifest/gensrc/plugins/CMakeLists.txt">
			<Option virtualFolder="CMake Files\libraries\manifest\gensrc\plugins\"/>
		</Unit>
		<Unit filename="/home/bkb/hack/ucen/.git/HEAD">
			<Option virtualFolder="CMake Files\.git\"/>
		</Unit>
		<Unit filename="/home/bkb/hack/ucen/.git/refs/heads/stable">
			<Option virtualFolder="CMake Files\.git\refs\heads\"/>
		</Unit>
		<Unit filename="/home/bkb/hack/ucen/.git/modules/libraries/fc/HEAD">
			<Option virtualFolder="CMake Files\.git\modules\libraries\fc\"/>
		</Unit>
		<Unit filename="/home/bkb/hack/ucen/external_plugins/CMakeLists.txt">
			<Option virtualFolder="CMake Files\external_plugins\"/>
		</Unit>
		<Unit filename="/home/bkb/hack/ucen/programs/CMakeLists.txt">
			<Option virtualFolder="CMake Files\programs\"/>
		</Unit>
		<Unit filename="/home/bkb/hack/ucen/programs/build_helpers/CMakeLists.txt">
			<Option virtualFolder="CMake Files\programs\build_helpers\"/>
		</Unit>
		<Unit filename="/home/bkb/hack/ucen/programs/cli_wallet/CMakeLists.txt">
			<Option virtualFolder="CMake Files\programs\cli_wallet\"/>
		</Unit>
		<Unit filename="/home/bkb/hack/ucen/programs/steemd/CMakeLists.txt">
			<Option virtualFolder="CMake Files\programs\steemd\"/>
		</Unit>
		<Unit filename="/home/bkb/hack/ucen/programs/js_operation_serializer/CMakeLists.txt">
			<Option virtualFolder="CMake Files\programs\js_operation_serializer\"/>
		</Unit>
		<Unit filename="/home/bkb/hack/ucen/programs/size_checker/CMakeLists.txt">
			<Option virtualFolder="CMake Files\programs\size_checker\"/>
		</Unit>
		<Unit filename="/home/bkb/hack/ucen/programs/util/CMakeLists.txt">
			<Option virtualFolder="CMake Files\programs\util\"/>
		</Unit>
		<Unit filename="/home/bkb/hack/ucen/tests/CMakeLists.txt">
			<Option virtualFolder="CMake Files\tests\"/>
		</Unit>
	</Project>
</CodeBlocks_project_file>
